
Microsoft Visual Studio Solution File, Format Version 12.00
# Visual Studio Version 16
VisualStudioVersion = 16.0.33027.164
MinimumVisualStudioVersion = 10.0.40219.1
Project("{FAE04EC0-301F-11D3-BF4B-00C04F79EFBC}") = "Operations", "Operations\Operations.csproj", "{44437925-7B82-47B5-84EA-6C9808FE3036}"
EndProject
Project("{FAE04EC0-301F-11D3-BF4B-00C04F79EFBC}") = "Animals", "Animals\Animals.csproj", "{3FBB7C3B-7CB7-4D6E-B9D2-C1CF7FCE9812}"
EndProject
Project("{FAE04EC0-301F-11D3-BF4B-00C04F79EFBC}") = "Shapes", "Shapes\Shapes.csproj", "{13C9FE42-0E61-463D-A863-04A1C388950B}"
EndProject
Global
	GlobalSection(SolutionConfigurationPlatforms) = preSolution
		Debug|Any CPU = Debug|Any CPU
		Release|Any CPU = Release|Any CPU
	EndGlobalSection
	GlobalSection(ProjectConfigurationPlatforms) = postSolution
		{44437925-7B82-47B5-84EA-6C9808FE3036}.Debug|Any CPU.ActiveCfg = Debug|Any CPU
		{44437925-7B82-47B5-84EA-6C9808FE3036}.Debug|Any CPU.Build.0 = Debug|Any CPU
		{44437925-7B82-47B5-84EA-6C9808FE3036}.Release|Any CPU.ActiveCfg = Release|Any CPU
		{44437925-7B82-47B5-84EA-6C9808FE3036}.Release|Any CPU.Build.0 = Release|Any CPU
		{3FBB7C3B-7CB7-4D6E-B9D2-C1CF7FCE9812}.Debug|Any CPU.ActiveCfg = Debug|Any CPU
		{3FBB7C3B-7CB7-4D6E-B9D2-C1CF7FCE9812}.Debug|Any CPU.Build.0 = Debug|Any CPU
		{3FBB7C3B-7CB7-4D6E-B9D2-C1CF7FCE9812}.Release|Any CPU.ActiveCfg = Release|Any CPU
		{3FBB7C3B-7CB7-4D6E-B9D2-C1CF7FCE9812}.Release|Any CPU.Build.0 = Release|Any CPU
		{13C9FE42-0E61-463D-A863-04A1C388950B}.Debug|Any CPU.ActiveCfg = Debug|Any CPU
		{13C9FE42-0E61-463D-A863-04A1C388950B}.Debug|Any CPU.Build.0 = Debug|Any CPU
		{13C9FE42-0E61-463D-A863-04A1C388950B}.Release|Any CPU.ActiveCfg = Release|Any CPU
		{13C9FE42-0E61-463D-A863-04A1C388950B}.Release|Any CPU.Build.0 = Release|Any CPU
	EndGlobalSection
	GlobalSection(SolutionProperties) = preSolution
		HideSolutionNode = FALSE
	EndGlobalSection
	GlobalSection(ExtensibilityGlobals) = postSolution
		SolutionGuid = {6AAE1603-DA16-4490-9B5E-2ADB6F122364}
	EndGlobalSection
EndGlobal
