
Microsoft Visual Studio Solution File, Format Version 12.00
# Visual Studio Version 16
VisualStudioVersion = 16.0.32901.82
MinimumVisualStudioVersion = 10.0.40219.1
Project("{FAE04EC0-301F-11D3-BF4B-00C04F79EFBC}") = "CarManufacturer", "CarManufacturer\CarManufacturer.csproj", "{B87CE577-1AA7-4D97-82A8-761BDE16402A}"
EndProject
Global
	GlobalSection(SolutionConfigurationPlatforms) = preSolution
		Debug|Any CPU = Debug|Any CPU
		Release|Any CPU = Release|Any CPU
	EndGlobalSection
	GlobalSection(ProjectConfigurationPlatforms) = postSolution
		{B87CE577-1AA7-4D97-82A8-761BDE16402A}.Debug|Any CPU.ActiveCfg = Debug|Any CPU
		{B87CE577-1AA7-4D97-82A8-761BDE16402A}.Debug|Any CPU.Build.0 = Debug|Any CPU
		{B87CE577-1AA7-4D97-82A8-761BDE16402A}.Release|Any CPU.ActiveCfg = Release|Any CPU
		{B87CE577-1AA7-4D97-82A8-761BDE16402A}.Release|Any CPU.Build.0 = Release|Any CPU
	EndGlobalSection
	GlobalSection(SolutionProperties) = preSolution
		HideSolutionNode = FALSE
	EndGlobalSection
	GlobalSection(ExtensibilityGlobals) = postSolution
		SolutionGuid = {724FD7D7-81FC-4785-8ED0-C7DC979B9316}
	EndGlobalSection
EndGlobal
