
Microsoft Visual Studio Solution File, Format Version 12.00
# Visual Studio Version 17
VisualStudioVersion = 17.5.33502.453
MinimumVisualStudioVersion = 10.0.40219.1
Project("{FAE04EC0-301F-11D3-BF4B-00C04F79EFBC}") = "P01_StudentSystem", "P01_StudentSystem\P01_StudentSystem.csproj", "{CEAC0281-ABAF-4E64-8F34-2103AD491041}"
EndProject
Project("{FAE04EC0-301F-11D3-BF4B-00C04F79EFBC}") = "P01_StudentSystem.Data", "P01_StudentSystem.Data\P01_StudentSystem.Data.csproj", "{0F6AA13C-09B3-4994-92A3-AE5F0E1C636C}"
EndProject
Project("{FAE04EC0-301F-11D3-BF4B-00C04F79EFBC}") = "P01_StudentSystem.Data.Common", "P01_StudentSystem.Data.Common\P01_StudentSystem.Data.Common.csproj", "{77B76E74-3CE5-4709-9A46-3A07B87FE6F1}"
EndProject
Project("{FAE04EC0-301F-11D3-BF4B-00C04F79EFBC}") = "P01_StudentSystem.Data.Models", "P01_StudentSystem.Data.Models\P01_StudentSystem.Data.Models.csproj", "{4823A1A4-5031-4956-B1D6-31C7ED2716F1}"
EndProject
Project("{FAE04EC0-301F-11D3-BF4B-00C04F79EFBC}") = "StudentSystem.Tests", "StudentSystem.Tests\StudentSystem.Tests.csproj", "{4071EA4F-879E-4939-A898-A6A8EEBBE724}"
EndProject
Global
	GlobalSection(SolutionConfigurationPlatforms) = preSolution
		Debug|Any CPU = Debug|Any CPU
		Release|Any CPU = Release|Any CPU
	EndGlobalSection
	GlobalSection(ProjectConfigurationPlatforms) = postSolution
		{CEAC0281-ABAF-4E64-8F34-2103AD491041}.Debug|Any CPU.ActiveCfg = Debug|Any CPU
		{CEAC0281-ABAF-4E64-8F34-2103AD491041}.Debug|Any CPU.Build.0 = Debug|Any CPU
		{CEAC0281-ABAF-4E64-8F34-2103AD491041}.Release|Any CPU.ActiveCfg = Release|Any CPU
		{CEAC0281-ABAF-4E64-8F34-2103AD491041}.Release|Any CPU.Build.0 = Release|Any CPU
		{0F6AA13C-09B3-4994-92A3-AE5F0E1C636C}.Debug|Any CPU.ActiveCfg = Debug|Any CPU
		{0F6AA13C-09B3-4994-92A3-AE5F0E1C636C}.Debug|Any CPU.Build.0 = Debug|Any CPU
		{0F6AA13C-09B3-4994-92A3-AE5F0E1C636C}.Release|Any CPU.ActiveCfg = Release|Any CPU
		{0F6AA13C-09B3-4994-92A3-AE5F0E1C636C}.Release|Any CPU.Build.0 = Release|Any CPU
		{77B76E74-3CE5-4709-9A46-3A07B87FE6F1}.Debug|Any CPU.ActiveCfg = Debug|Any CPU
		{77B76E74-3CE5-4709-9A46-3A07B87FE6F1}.Debug|Any CPU.Build.0 = Debug|Any CPU
		{77B76E74-3CE5-4709-9A46-3A07B87FE6F1}.Release|Any CPU.ActiveCfg = Release|Any CPU
		{77B76E74-3CE5-4709-9A46-3A07B87FE6F1}.Release|Any CPU.Build.0 = Release|Any CPU
		{4823A1A4-5031-4956-B1D6-31C7ED2716F1}.Debug|Any CPU.ActiveCfg = Debug|Any CPU
		{4823A1A4-5031-4956-B1D6-31C7ED2716F1}.Debug|Any CPU.Build.0 = Debug|Any CPU
		{4823A1A4-5031-4956-B1D6-31C7ED2716F1}.Release|Any CPU.ActiveCfg = Release|Any CPU
		{4823A1A4-5031-4956-B1D6-31C7ED2716F1}.Release|Any CPU.Build.0 = Release|Any CPU
		{4071EA4F-879E-4939-A898-A6A8EEBBE724}.Debug|Any CPU.ActiveCfg = Debug|Any CPU
		{4071EA4F-879E-4939-A898-A6A8EEBBE724}.Debug|Any CPU.Build.0 = Debug|Any CPU
		{4071EA4F-879E-4939-A898-A6A8EEBBE724}.Release|Any CPU.ActiveCfg = Release|Any CPU
		{4071EA4F-879E-4939-A898-A6A8EEBBE724}.Release|Any CPU.Build.0 = Release|Any CPU
	EndGlobalSection
	GlobalSection(SolutionProperties) = preSolution
		HideSolutionNode = FALSE
	EndGlobalSection
	GlobalSection(ExtensibilityGlobals) = postSolution
		SolutionGuid = {6441CDED-7E96-496F-81FA-630095D53B2F}
	EndGlobalSection
EndGlobal
