
Microsoft Visual Studio Solution File, Format Version 12.00
# Visual Studio Version 16
VisualStudioVersion = 16.0.32002.261
MinimumVisualStudioVersion = 10.0.40219.1
Project("{9A19103F-16F7-4668-BE54-9A1E7A4F7556}") = "ConsoleApp1", "ConsoleApp1\ConsoleApp1.csproj", "{8DA51FED-2277-454E-AB87-5386F8E28786}"
EndProject
Project("{FAE04EC0-301F-11D3-BF4B-00C04F79EFBC}") = "ConsoleApp2", "ConsoleApp2\ConsoleApp2.csproj", "{BF0CCC77-C37D-445D-8E40-CF3173BFE0EF}"
EndProject
Project("{FAE04EC0-301F-11D3-BF4B-00C04F79EFBC}") = "ConsoleApp3", "ConsoleApp3\ConsoleApp3.csproj", "{419E6666-0938-4737-BCAF-7B3FBC821982}"
EndProject
Project("{FAE04EC0-301F-11D3-BF4B-00C04F79EFBC}") = "ConsoleApp4", "ConsoleApp4\ConsoleApp4.csproj", "{E94EB540-82FF-4852-A592-6B002A66BD08}"
EndProject
Project("{FAE04EC0-301F-11D3-BF4B-00C04F79EFBC}") = "ConsoleApp5", "ConsoleApp5\ConsoleApp5.csproj", "{E1EB6D3D-2B24-4471-92F7-441F756972A5}"
EndProject
Project("{FAE04EC0-301F-11D3-BF4B-00C04F79EFBC}") = "ConsoleApp6", "ConsoleApp6\ConsoleApp6.csproj", "{50766F13-7E9B-4DD1-B1FF-151899E5CF41}"
EndProject
Project("{FAE04EC0-301F-11D3-BF4B-00C04F79EFBC}") = "ConsoleApp7", "ConsoleApp7\ConsoleApp7.csproj", "{C5E32FB2-7A86-4309-AE30-F521CE23540B}"
EndProject
Project("{FAE04EC0-301F-11D3-BF4B-00C04F79EFBC}") = "ConsoleApp8", "ConsoleApp8\ConsoleApp8.csproj", "{E68B52D5-AA00-4559-87B5-D55F1C91EB66}"
EndProject
Global
	GlobalSection(SolutionConfigurationPlatforms) = preSolution
		Debug|Any CPU = Debug|Any CPU
		Release|Any CPU = Release|Any CPU
	EndGlobalSection
	GlobalSection(ProjectConfigurationPlatforms) = postSolution
		{8DA51FED-2277-454E-AB87-5386F8E28786}.Debug|Any CPU.ActiveCfg = Debug|Any CPU
		{8DA51FED-2277-454E-AB87-5386F8E28786}.Debug|Any CPU.Build.0 = Debug|Any CPU
		{8DA51FED-2277-454E-AB87-5386F8E28786}.Release|Any CPU.ActiveCfg = Release|Any CPU
		{8DA51FED-2277-454E-AB87-5386F8E28786}.Release|Any CPU.Build.0 = Release|Any CPU
		{BF0CCC77-C37D-445D-8E40-CF3173BFE0EF}.Debug|Any CPU.ActiveCfg = Debug|Any CPU
		{BF0CCC77-C37D-445D-8E40-CF3173BFE0EF}.Debug|Any CPU.Build.0 = Debug|Any CPU
		{BF0CCC77-C37D-445D-8E40-CF3173BFE0EF}.Release|Any CPU.ActiveCfg = Release|Any CPU
		{BF0CCC77-C37D-445D-8E40-CF3173BFE0EF}.Release|Any CPU.Build.0 = Release|Any CPU
		{419E6666-0938-4737-BCAF-7B3FBC821982}.Debug|Any CPU.ActiveCfg = Debug|Any CPU
		{419E6666-0938-4737-BCAF-7B3FBC821982}.Debug|Any CPU.Build.0 = Debug|Any CPU
		{419E6666-0938-4737-BCAF-7B3FBC821982}.Release|Any CPU.ActiveCfg = Release|Any CPU
		{419E6666-0938-4737-BCAF-7B3FBC821982}.Release|Any CPU.Build.0 = Release|Any CPU
		{E94EB540-82FF-4852-A592-6B002A66BD08}.Debug|Any CPU.ActiveCfg = Debug|Any CPU
		{E94EB540-82FF-4852-A592-6B002A66BD08}.Debug|Any CPU.Build.0 = Debug|Any CPU
		{E94EB540-82FF-4852-A592-6B002A66BD08}.Release|Any CPU.ActiveCfg = Release|Any CPU
		{E94EB540-82FF-4852-A592-6B002A66BD08}.Release|Any CPU.Build.0 = Release|Any CPU
		{E1EB6D3D-2B24-4471-92F7-441F756972A5}.Debug|Any CPU.ActiveCfg = Debug|Any CPU
		{E1EB6D3D-2B24-4471-92F7-441F756972A5}.Debug|Any CPU.Build.0 = Debug|Any CPU
		{E1EB6D3D-2B24-4471-92F7-441F756972A5}.Release|Any CPU.ActiveCfg = Release|Any CPU
		{E1EB6D3D-2B24-4471-92F7-441F756972A5}.Release|Any CPU.Build.0 = Release|Any CPU
		{50766F13-7E9B-4DD1-B1FF-151899E5CF41}.Debug|Any CPU.ActiveCfg = Debug|Any CPU
		{50766F13-7E9B-4DD1-B1FF-151899E5CF41}.Debug|Any CPU.Build.0 = Debug|Any CPU
		{50766F13-7E9B-4DD1-B1FF-151899E5CF41}.Release|Any CPU.ActiveCfg = Release|Any CPU
		{50766F13-7E9B-4DD1-B1FF-151899E5CF41}.Release|Any CPU.Build.0 = Release|Any CPU
		{C5E32FB2-7A86-4309-AE30-F521CE23540B}.Debug|Any CPU.ActiveCfg = Debug|Any CPU
		{C5E32FB2-7A86-4309-AE30-F521CE23540B}.Debug|Any CPU.Build.0 = Debug|Any CPU
		{C5E32FB2-7A86-4309-AE30-F521CE23540B}.Release|Any CPU.ActiveCfg = Release|Any CPU
		{C5E32FB2-7A86-4309-AE30-F521CE23540B}.Release|Any CPU.Build.0 = Release|Any CPU
		{E68B52D5-AA00-4559-87B5-D55F1C91EB66}.Debug|Any CPU.ActiveCfg = Debug|Any CPU
		{E68B52D5-AA00-4559-87B5-D55F1C91EB66}.Debug|Any CPU.Build.0 = Debug|Any CPU
		{E68B52D5-AA00-4559-87B5-D55F1C91EB66}.Release|Any CPU.ActiveCfg = Release|Any CPU
		{E68B52D5-AA00-4559-87B5-D55F1C91EB66}.Release|Any CPU.Build.0 = Release|Any CPU
	EndGlobalSection
	GlobalSection(SolutionProperties) = preSolution
		HideSolutionNode = FALSE
	EndGlobalSection
	GlobalSection(ExtensibilityGlobals) = postSolution
		SolutionGuid = {0413662E-5C28-4A91-BD10-88CCB373CBB9}
	EndGlobalSection
EndGlobal
