
Microsoft Visual Studio Solution File, Format Version 12.00
# Visual Studio Version 16
VisualStudioVersion = 16.0.32901.82
MinimumVisualStudioVersion = 10.0.40219.1
Project("{9A19103F-16F7-4668-BE54-9A1E7A4F7556}") = "NumericalSystemConversion", "NumericalSystemConversion\NumericalSystemConversion.csproj", "{FE812823-8070-4627-8EA7-95000EF46D75}"
EndProject
Project("{9A19103F-16F7-4668-BE54-9A1E7A4F7556}") = "QuadraticEquation", "QuadraticEquation\QuadraticEquation.csproj", "{814FE002-F115-4A37-BE0B-7A00FCD38589}"
EndProject
Project("{9A19103F-16F7-4668-BE54-9A1E7A4F7556}") = "CoordinateSystem", "CoordinateSystem\CoordinateSystem.csproj", "{58F27F7F-E60B-49CB-830E-E6BF3FD90717}"
EndProject
Project("{9A19103F-16F7-4668-BE54-9A1E7A4F7556}") = "Combinatorics", "Combinatorics\Combinatorics.csproj", "{BE79025D-CA71-4776-B2CF-FC2F6AD85828}"
EndProject
Project("{9A19103F-16F7-4668-BE54-9A1E7A4F7556}") = "Statistics", "Statistics\Statistics.csproj", "{E54D5B82-C1FD-42E6-8022-0F37052E7372}"
EndProject
Project("{FAE04EC0-301F-11D3-BF4B-00C04F79EFBC}") = "ComplexNumberOperations", "ComplexNumberOperations\ComplexNumberOperations.csproj", "{47A36F65-AF76-48D6-B67A-98CEED0CDEE3}"
EndProject
Global
	GlobalSection(SolutionConfigurationPlatforms) = preSolution
		Debug|Any CPU = Debug|Any CPU
		Release|Any CPU = Release|Any CPU
	EndGlobalSection
	GlobalSection(ProjectConfigurationPlatforms) = postSolution
		{FE812823-8070-4627-8EA7-95000EF46D75}.Debug|Any CPU.ActiveCfg = Debug|Any CPU
		{FE812823-8070-4627-8EA7-95000EF46D75}.Debug|Any CPU.Build.0 = Debug|Any CPU
		{FE812823-8070-4627-8EA7-95000EF46D75}.Release|Any CPU.ActiveCfg = Release|Any CPU
		{FE812823-8070-4627-8EA7-95000EF46D75}.Release|Any CPU.Build.0 = Release|Any CPU
		{814FE002-F115-4A37-BE0B-7A00FCD38589}.Debug|Any CPU.ActiveCfg = Debug|Any CPU
		{814FE002-F115-4A37-BE0B-7A00FCD38589}.Debug|Any CPU.Build.0 = Debug|Any CPU
		{814FE002-F115-4A37-BE0B-7A00FCD38589}.Release|Any CPU.ActiveCfg = Release|Any CPU
		{814FE002-F115-4A37-BE0B-7A00FCD38589}.Release|Any CPU.Build.0 = Release|Any CPU
		{58F27F7F-E60B-49CB-830E-E6BF3FD90717}.Debug|Any CPU.ActiveCfg = Debug|Any CPU
		{58F27F7F-E60B-49CB-830E-E6BF3FD90717}.Debug|Any CPU.Build.0 = Debug|Any CPU
		{58F27F7F-E60B-49CB-830E-E6BF3FD90717}.Release|Any CPU.ActiveCfg = Release|Any CPU
		{58F27F7F-E60B-49CB-830E-E6BF3FD90717}.Release|Any CPU.Build.0 = Release|Any CPU
		{BE79025D-CA71-4776-B2CF-FC2F6AD85828}.Debug|Any CPU.ActiveCfg = Debug|Any CPU
		{BE79025D-CA71-4776-B2CF-FC2F6AD85828}.Debug|Any CPU.Build.0 = Debug|Any CPU
		{BE79025D-CA71-4776-B2CF-FC2F6AD85828}.Release|Any CPU.ActiveCfg = Release|Any CPU
		{BE79025D-CA71-4776-B2CF-FC2F6AD85828}.Release|Any CPU.Build.0 = Release|Any CPU
		{E54D5B82-C1FD-42E6-8022-0F37052E7372}.Debug|Any CPU.ActiveCfg = Debug|Any CPU
		{E54D5B82-C1FD-42E6-8022-0F37052E7372}.Debug|Any CPU.Build.0 = Debug|Any CPU
		{E54D5B82-C1FD-42E6-8022-0F37052E7372}.Release|Any CPU.ActiveCfg = Release|Any CPU
		{E54D5B82-C1FD-42E6-8022-0F37052E7372}.Release|Any CPU.Build.0 = Release|Any CPU
		{47A36F65-AF76-48D6-B67A-98CEED0CDEE3}.Debug|Any CPU.ActiveCfg = Debug|Any CPU
		{47A36F65-AF76-48D6-B67A-98CEED0CDEE3}.Debug|Any CPU.Build.0 = Debug|Any CPU
		{47A36F65-AF76-48D6-B67A-98CEED0CDEE3}.Release|Any CPU.ActiveCfg = Release|Any CPU
		{47A36F65-AF76-48D6-B67A-98CEED0CDEE3}.Release|Any CPU.Build.0 = Release|Any CPU
	EndGlobalSection
	GlobalSection(SolutionProperties) = preSolution
		HideSolutionNode = FALSE
	EndGlobalSection
	GlobalSection(ExtensibilityGlobals) = postSolution
		SolutionGuid = {9888E5EB-8CC7-422F-9889-26033C734911}
	EndGlobalSection
EndGlobal
