
Microsoft Visual Studio Solution File, Format Version 12.00
# Visual Studio Version 16
VisualStudioVersion = 16.0.32002.261
MinimumVisualStudioVersion = 10.0.40219.1
Project("{FAE04EC0-301F-11D3-BF4B-00C04F79EFBC}") = "ConsoleApp1", "ConsoleApp1\ConsoleApp1.csproj", "{825957DB-AD52-42F9-9078-DB86766E7140}"
EndProject
Project("{FAE04EC0-301F-11D3-BF4B-00C04F79EFBC}") = "ConsoleApp2", "ConsoleApp2\ConsoleApp2.csproj", "{BCF08AF9-B8AE-4688-A49D-E94907B7F7BA}"
EndProject
Project("{FAE04EC0-301F-11D3-BF4B-00C04F79EFBC}") = "ConsoleApp3", "ConsoleApp3\ConsoleApp3.csproj", "{FABFEDD9-274E-4018-9D87-D0CB2D7A90B8}"
EndProject
Project("{FAE04EC0-301F-11D3-BF4B-00C04F79EFBC}") = "ConsoleApp4", "ConsoleApp4\ConsoleApp4.csproj", "{A10778CF-3D2D-4FA2-9F92-7849240F9ABC}"
EndProject
Project("{FAE04EC0-301F-11D3-BF4B-00C04F79EFBC}") = "ConsoleApp5", "ConsoleApp5\ConsoleApp5.csproj", "{B43E3811-87AE-4C33-9603-940F18C1E69E}"
EndProject
Global
	GlobalSection(SolutionConfigurationPlatforms) = preSolution
		Debug|Any CPU = Debug|Any CPU
		Release|Any CPU = Release|Any CPU
	EndGlobalSection
	GlobalSection(ProjectConfigurationPlatforms) = postSolution
		{825957DB-AD52-42F9-9078-DB86766E7140}.Debug|Any CPU.ActiveCfg = Debug|Any CPU
		{825957DB-AD52-42F9-9078-DB86766E7140}.Debug|Any CPU.Build.0 = Debug|Any CPU
		{825957DB-AD52-42F9-9078-DB86766E7140}.Release|Any CPU.ActiveCfg = Release|Any CPU
		{825957DB-AD52-42F9-9078-DB86766E7140}.Release|Any CPU.Build.0 = Release|Any CPU
		{BCF08AF9-B8AE-4688-A49D-E94907B7F7BA}.Debug|Any CPU.ActiveCfg = Debug|Any CPU
		{BCF08AF9-B8AE-4688-A49D-E94907B7F7BA}.Debug|Any CPU.Build.0 = Debug|Any CPU
		{BCF08AF9-B8AE-4688-A49D-E94907B7F7BA}.Release|Any CPU.ActiveCfg = Release|Any CPU
		{BCF08AF9-B8AE-4688-A49D-E94907B7F7BA}.Release|Any CPU.Build.0 = Release|Any CPU
		{FABFEDD9-274E-4018-9D87-D0CB2D7A90B8}.Debug|Any CPU.ActiveCfg = Debug|Any CPU
		{FABFEDD9-274E-4018-9D87-D0CB2D7A90B8}.Debug|Any CPU.Build.0 = Debug|Any CPU
		{FABFEDD9-274E-4018-9D87-D0CB2D7A90B8}.Release|Any CPU.ActiveCfg = Release|Any CPU
		{FABFEDD9-274E-4018-9D87-D0CB2D7A90B8}.Release|Any CPU.Build.0 = Release|Any CPU
		{A10778CF-3D2D-4FA2-9F92-7849240F9ABC}.Debug|Any CPU.ActiveCfg = Debug|Any CPU
		{A10778CF-3D2D-4FA2-9F92-7849240F9ABC}.Debug|Any CPU.Build.0 = Debug|Any CPU
		{A10778CF-3D2D-4FA2-9F92-7849240F9ABC}.Release|Any CPU.ActiveCfg = Release|Any CPU
		{A10778CF-3D2D-4FA2-9F92-7849240F9ABC}.Release|Any CPU.Build.0 = Release|Any CPU
		{B43E3811-87AE-4C33-9603-940F18C1E69E}.Debug|Any CPU.ActiveCfg = Debug|Any CPU
		{B43E3811-87AE-4C33-9603-940F18C1E69E}.Debug|Any CPU.Build.0 = Debug|Any CPU
		{B43E3811-87AE-4C33-9603-940F18C1E69E}.Release|Any CPU.ActiveCfg = Release|Any CPU
		{B43E3811-87AE-4C33-9603-940F18C1E69E}.Release|Any CPU.Build.0 = Release|Any CPU
	EndGlobalSection
	GlobalSection(SolutionProperties) = preSolution
		HideSolutionNode = FALSE
	EndGlobalSection
	GlobalSection(ExtensibilityGlobals) = postSolution
		SolutionGuid = {5064B4AA-325C-4258-922C-9C0655194854}
	EndGlobalSection
EndGlobal
